
Microsoft Visual Studio Solution File, Format Version 12.00
# Visual Studio Version 17
VisualStudioVersion = 17.5.002.0
MinimumVisualStudioVersion = 10.0.40219.1
Project("{9A19103F-16F7-4668-BE54-9A1E7A4F7556}") = "JWT-ProductManager", "JWT-ProductManager.csproj", "{B488372F-7FBB-4854-97F8-3908054EEB26}"
EndProject
Global
	GlobalSection(SolutionConfigurationPlatforms) = preSolution
		Debug|Any CPU = Debug|Any CPU
		Release|Any CPU = Release|Any CPU
	EndGlobalSection
	GlobalSection(ProjectConfigurationPlatforms) = postSolution
		{B488372F-7FBB-4854-97F8-3908054EEB26}.Debug|Any CPU.ActiveCfg = Debug|Any CPU
		{B488372F-7FBB-4854-97F8-3908054EEB26}.Debug|Any CPU.Build.0 = Debug|Any CPU
		{B488372F-7FBB-4854-97F8-3908054EEB26}.Release|Any CPU.ActiveCfg = Release|Any CPU
		{B488372F-7FBB-4854-97F8-3908054EEB26}.Release|Any CPU.Build.0 = Release|Any CPU
	EndGlobalSection
	GlobalSection(SolutionProperties) = preSolution
		HideSolutionNode = FALSE
	EndGlobalSection
	GlobalSection(ExtensibilityGlobals) = postSolution
		SolutionGuid = {C2B6A1C7-21EF-4807-8251-59F2654D36BF}
	EndGlobalSection
EndGlobal
